
Microsoft Visual Studio Solution File, Format Version 12.00
# Visual Studio 15
VisualStudioVersion = 15.0.27130.2024
MinimumVisualStudioVersion = 10.0.40219.1
Project("{8BC9CEB8-8B4A-11D0-8D11-00A0C91BC942}") = "testV2", "testV2\testV2.vcxproj", "{A425769E-65BC-44B8-AC70-636B60EAE2DB}"
EndProject
Global
	GlobalSection(SolutionConfigurationPlatforms) = preSolution
		Debug|x64 = Debug|x64
		Debug|x86 = Debug|x86
		Release|x64 = Release|x64
		Release|x86 = Release|x86
	EndGlobalSection
	GlobalSection(ProjectConfigurationPlatforms) = postSolution
		{A425769E-65BC-44B8-AC70-636B60EAE2DB}.Debug|x64.ActiveCfg = Debug|x64
		{A425769E-65BC-44B8-AC70-636B60EAE2DB}.Debug|x64.Build.0 = Debug|x64
		{A425769E-65BC-44B8-AC70-636B60EAE2DB}.Debug|x86.ActiveCfg = Debug|Win32
		{A425769E-65BC-44B8-AC70-636B60EAE2DB}.Debug|x86.Build.0 = Debug|Win32
		{A425769E-65BC-44B8-AC70-636B60EAE2DB}.Release|x64.ActiveCfg = Release|x64
		{A425769E-65BC-44B8-AC70-636B60EAE2DB}.Release|x64.Build.0 = Release|x64
		{A425769E-65BC-44B8-AC70-636B60EAE2DB}.Release|x86.ActiveCfg = Release|Win32
		{A425769E-65BC-44B8-AC70-636B60EAE2DB}.Release|x86.Build.0 = Release|Win32
	EndGlobalSection
	GlobalSection(SolutionProperties) = preSolution
		HideSolutionNode = FALSE
	EndGlobalSection
	GlobalSection(ExtensibilityGlobals) = postSolution
		SolutionGuid = {E35040AC-866D-4E19-BA00-CE9F7BCDE2B9}
	EndGlobalSection
EndGlobal
